
Microsoft Visual Studio Solution File, Format Version 12.00
# Visual Studio Version 16
VisualStudioVersion = 16.0.30621.155
MinimumVisualStudioVersion = 10.0.40219.1
Project("{9A19103F-16F7-4668-BE54-9A1E7A4F7556}") = "ABC160", "ABC160\ABC160.csproj", "{29427DBA-E863-4C11-B20B-D631E712F2FF}"
EndProject
Project("{9A19103F-16F7-4668-BE54-9A1E7A4F7556}") = "ABC183", "ABC183\ABC183.csproj", "{F4976953-9E3C-45C7-837C-C8303F7B2BA9}"
EndProject
Project("{9A19103F-16F7-4668-BE54-9A1E7A4F7556}") = "AGC004", "AGC004\AGC004.csproj", "{05ADDD91-9E9E-4635-9D8F-5DE25086C356}"
EndProject
Project("{9A19103F-16F7-4668-BE54-9A1E7A4F7556}") = "ABC184", "ABC184\ABC184.csproj", "{0A2BF992-688F-4BB5-A517-F13E1402FA0D}"
EndProject
Project("{9A19103F-16F7-4668-BE54-9A1E7A4F7556}") = "ARC109", "ARC109\ARC109.csproj", "{C76EDB27-310E-4CE6-8004-727CCCB4C7E8}"
EndProject
Project("{9A19103F-16F7-4668-BE54-9A1E7A4F7556}") = "ABC109", "ABC109\ABC109.csproj", "{7020758F-1768-4E3B-BACF-5CCF841C9FD1}"
EndProject
Project("{9A19103F-16F7-4668-BE54-9A1E7A4F7556}") = "ABC187", "ABC187\ABC187.csproj", "{A4580DE5-D79C-4FC3-ACD5-43F98F186682}"
EndProject
Project("{9A19103F-16F7-4668-BE54-9A1E7A4F7556}") = "ABC125", "ABC125\ABC125.csproj", "{2249BAB0-0B95-443C-8C25-F049801AD061}"
EndProject
Project("{FAE04EC0-301F-11D3-BF4B-00C04F79EFBC}") = "ABC059", "ABC059\ABC059.csproj", "{7A5C9644-F121-4999-AD24-5DBE44F67641}"
EndProject
Global
	GlobalSection(SolutionConfigurationPlatforms) = preSolution
		Debug|Any CPU = Debug|Any CPU
		Debug|x64 = Debug|x64
		Debug|x86 = Debug|x86
		Release|Any CPU = Release|Any CPU
		Release|x64 = Release|x64
		Release|x86 = Release|x86
	EndGlobalSection
	GlobalSection(ProjectConfigurationPlatforms) = postSolution
		{29427DBA-E863-4C11-B20B-D631E712F2FF}.Debug|Any CPU.ActiveCfg = Debug|Any CPU
		{29427DBA-E863-4C11-B20B-D631E712F2FF}.Debug|Any CPU.Build.0 = Debug|Any CPU
		{29427DBA-E863-4C11-B20B-D631E712F2FF}.Debug|x64.ActiveCfg = Debug|Any CPU
		{29427DBA-E863-4C11-B20B-D631E712F2FF}.Debug|x64.Build.0 = Debug|Any CPU
		{29427DBA-E863-4C11-B20B-D631E712F2FF}.Debug|x86.ActiveCfg = Debug|Any CPU
		{29427DBA-E863-4C11-B20B-D631E712F2FF}.Debug|x86.Build.0 = Debug|Any CPU
		{29427DBA-E863-4C11-B20B-D631E712F2FF}.Release|Any CPU.ActiveCfg = Release|Any CPU
		{29427DBA-E863-4C11-B20B-D631E712F2FF}.Release|Any CPU.Build.0 = Release|Any CPU
		{29427DBA-E863-4C11-B20B-D631E712F2FF}.Release|x64.ActiveCfg = Release|Any CPU
		{29427DBA-E863-4C11-B20B-D631E712F2FF}.Release|x64.Build.0 = Release|Any CPU
		{29427DBA-E863-4C11-B20B-D631E712F2FF}.Release|x86.ActiveCfg = Release|Any CPU
		{29427DBA-E863-4C11-B20B-D631E712F2FF}.Release|x86.Build.0 = Release|Any CPU
		{F4976953-9E3C-45C7-837C-C8303F7B2BA9}.Debug|Any CPU.ActiveCfg = Debug|Any CPU
		{F4976953-9E3C-45C7-837C-C8303F7B2BA9}.Debug|Any CPU.Build.0 = Debug|Any CPU
		{F4976953-9E3C-45C7-837C-C8303F7B2BA9}.Debug|x64.ActiveCfg = Debug|Any CPU
		{F4976953-9E3C-45C7-837C-C8303F7B2BA9}.Debug|x64.Build.0 = Debug|Any CPU
		{F4976953-9E3C-45C7-837C-C8303F7B2BA9}.Debug|x86.ActiveCfg = Debug|Any CPU
		{F4976953-9E3C-45C7-837C-C8303F7B2BA9}.Debug|x86.Build.0 = Debug|Any CPU
		{F4976953-9E3C-45C7-837C-C8303F7B2BA9}.Release|Any CPU.ActiveCfg = Release|Any CPU
		{F4976953-9E3C-45C7-837C-C8303F7B2BA9}.Release|Any CPU.Build.0 = Release|Any CPU
		{F4976953-9E3C-45C7-837C-C8303F7B2BA9}.Release|x64.ActiveCfg = Release|Any CPU
		{F4976953-9E3C-45C7-837C-C8303F7B2BA9}.Release|x64.Build.0 = Release|Any CPU
		{F4976953-9E3C-45C7-837C-C8303F7B2BA9}.Release|x86.ActiveCfg = Release|Any CPU
		{F4976953-9E3C-45C7-837C-C8303F7B2BA9}.Release|x86.Build.0 = Release|Any CPU
		{05ADDD91-9E9E-4635-9D8F-5DE25086C356}.Debug|Any CPU.ActiveCfg = Debug|Any CPU
		{05ADDD91-9E9E-4635-9D8F-5DE25086C356}.Debug|Any CPU.Build.0 = Debug|Any CPU
		{05ADDD91-9E9E-4635-9D8F-5DE25086C356}.Debug|x64.ActiveCfg = Debug|Any CPU
		{05ADDD91-9E9E-4635-9D8F-5DE25086C356}.Debug|x64.Build.0 = Debug|Any CPU
		{05ADDD91-9E9E-4635-9D8F-5DE25086C356}.Debug|x86.ActiveCfg = Debug|Any CPU
		{05ADDD91-9E9E-4635-9D8F-5DE25086C356}.Debug|x86.Build.0 = Debug|Any CPU
		{05ADDD91-9E9E-4635-9D8F-5DE25086C356}.Release|Any CPU.ActiveCfg = Release|Any CPU
		{05ADDD91-9E9E-4635-9D8F-5DE25086C356}.Release|Any CPU.Build.0 = Release|Any CPU
		{05ADDD91-9E9E-4635-9D8F-5DE25086C356}.Release|x64.ActiveCfg = Release|Any CPU
		{05ADDD91-9E9E-4635-9D8F-5DE25086C356}.Release|x64.Build.0 = Release|Any CPU
		{05ADDD91-9E9E-4635-9D8F-5DE25086C356}.Release|x86.ActiveCfg = Release|Any CPU
		{05ADDD91-9E9E-4635-9D8F-5DE25086C356}.Release|x86.Build.0 = Release|Any CPU
		{0A2BF992-688F-4BB5-A517-F13E1402FA0D}.Debug|Any CPU.ActiveCfg = Debug|Any CPU
		{0A2BF992-688F-4BB5-A517-F13E1402FA0D}.Debug|Any CPU.Build.0 = Debug|Any CPU
		{0A2BF992-688F-4BB5-A517-F13E1402FA0D}.Debug|x64.ActiveCfg = Debug|Any CPU
		{0A2BF992-688F-4BB5-A517-F13E1402FA0D}.Debug|x64.Build.0 = Debug|Any CPU
		{0A2BF992-688F-4BB5-A517-F13E1402FA0D}.Debug|x86.ActiveCfg = Debug|Any CPU
		{0A2BF992-688F-4BB5-A517-F13E1402FA0D}.Debug|x86.Build.0 = Debug|Any CPU
		{0A2BF992-688F-4BB5-A517-F13E1402FA0D}.Release|Any CPU.ActiveCfg = Release|Any CPU
		{0A2BF992-688F-4BB5-A517-F13E1402FA0D}.Release|Any CPU.Build.0 = Release|Any CPU
		{0A2BF992-688F-4BB5-A517-F13E1402FA0D}.Release|x64.ActiveCfg = Release|Any CPU
		{0A2BF992-688F-4BB5-A517-F13E1402FA0D}.Release|x64.Build.0 = Release|Any CPU
		{0A2BF992-688F-4BB5-A517-F13E1402FA0D}.Release|x86.ActiveCfg = Release|Any CPU
		{0A2BF992-688F-4BB5-A517-F13E1402FA0D}.Release|x86.Build.0 = Release|Any CPU
		{C76EDB27-310E-4CE6-8004-727CCCB4C7E8}.Debug|Any CPU.ActiveCfg = Debug|Any CPU
		{C76EDB27-310E-4CE6-8004-727CCCB4C7E8}.Debug|Any CPU.Build.0 = Debug|Any CPU
		{C76EDB27-310E-4CE6-8004-727CCCB4C7E8}.Debug|x64.ActiveCfg = Debug|Any CPU
		{C76EDB27-310E-4CE6-8004-727CCCB4C7E8}.Debug|x64.Build.0 = Debug|Any CPU
		{C76EDB27-310E-4CE6-8004-727CCCB4C7E8}.Debug|x86.ActiveCfg = Debug|Any CPU
		{C76EDB27-310E-4CE6-8004-727CCCB4C7E8}.Debug|x86.Build.0 = Debug|Any CPU
		{C76EDB27-310E-4CE6-8004-727CCCB4C7E8}.Release|Any CPU.ActiveCfg = Release|Any CPU
		{C76EDB27-310E-4CE6-8004-727CCCB4C7E8}.Release|Any CPU.Build.0 = Release|Any CPU
		{C76EDB27-310E-4CE6-8004-727CCCB4C7E8}.Release|x64.ActiveCfg = Release|Any CPU
		{C76EDB27-310E-4CE6-8004-727CCCB4C7E8}.Release|x64.Build.0 = Release|Any CPU
		{C76EDB27-310E-4CE6-8004-727CCCB4C7E8}.Release|x86.ActiveCfg = Release|Any CPU
		{C76EDB27-310E-4CE6-8004-727CCCB4C7E8}.Release|x86.Build.0 = Release|Any CPU
		{7020758F-1768-4E3B-BACF-5CCF841C9FD1}.Debug|Any CPU.ActiveCfg = Debug|Any CPU
		{7020758F-1768-4E3B-BACF-5CCF841C9FD1}.Debug|Any CPU.Build.0 = Debug|Any CPU
		{7020758F-1768-4E3B-BACF-5CCF841C9FD1}.Debug|x64.ActiveCfg = Debug|Any CPU
		{7020758F-1768-4E3B-BACF-5CCF841C9FD1}.Debug|x64.Build.0 = Debug|Any CPU
		{7020758F-1768-4E3B-BACF-5CCF841C9FD1}.Debug|x86.ActiveCfg = Debug|Any CPU
		{7020758F-1768-4E3B-BACF-5CCF841C9FD1}.Debug|x86.Build.0 = Debug|Any CPU
		{7020758F-1768-4E3B-BACF-5CCF841C9FD1}.Release|Any CPU.ActiveCfg = Release|Any CPU
		{7020758F-1768-4E3B-BACF-5CCF841C9FD1}.Release|Any CPU.Build.0 = Release|Any CPU
		{7020758F-1768-4E3B-BACF-5CCF841C9FD1}.Release|x64.ActiveCfg = Release|Any CPU
		{7020758F-1768-4E3B-BACF-5CCF841C9FD1}.Release|x64.Build.0 = Release|Any CPU
		{7020758F-1768-4E3B-BACF-5CCF841C9FD1}.Release|x86.ActiveCfg = Release|Any CPU
		{7020758F-1768-4E3B-BACF-5CCF841C9FD1}.Release|x86.Build.0 = Release|Any CPU
		{A4580DE5-D79C-4FC3-ACD5-43F98F186682}.Debug|Any CPU.ActiveCfg = Debug|Any CPU
		{A4580DE5-D79C-4FC3-ACD5-43F98F186682}.Debug|Any CPU.Build.0 = Debug|Any CPU
		{A4580DE5-D79C-4FC3-ACD5-43F98F186682}.Debug|x64.ActiveCfg = Debug|Any CPU
		{A4580DE5-D79C-4FC3-ACD5-43F98F186682}.Debug|x64.Build.0 = Debug|Any CPU
		{A4580DE5-D79C-4FC3-ACD5-43F98F186682}.Debug|x86.ActiveCfg = Debug|Any CPU
		{A4580DE5-D79C-4FC3-ACD5-43F98F186682}.Debug|x86.Build.0 = Debug|Any CPU
		{A4580DE5-D79C-4FC3-ACD5-43F98F186682}.Release|Any CPU.ActiveCfg = Release|Any CPU
		{A4580DE5-D79C-4FC3-ACD5-43F98F186682}.Release|Any CPU.Build.0 = Release|Any CPU
		{A4580DE5-D79C-4FC3-ACD5-43F98F186682}.Release|x64.ActiveCfg = Release|Any CPU
		{A4580DE5-D79C-4FC3-ACD5-43F98F186682}.Release|x64.Build.0 = Release|Any CPU
		{A4580DE5-D79C-4FC3-ACD5-43F98F186682}.Release|x86.ActiveCfg = Release|Any CPU
		{A4580DE5-D79C-4FC3-ACD5-43F98F186682}.Release|x86.Build.0 = Release|Any CPU
		{2249BAB0-0B95-443C-8C25-F049801AD061}.Debug|Any CPU.ActiveCfg = Debug|Any CPU
		{2249BAB0-0B95-443C-8C25-F049801AD061}.Debug|Any CPU.Build.0 = Debug|Any CPU
		{2249BAB0-0B95-443C-8C25-F049801AD061}.Debug|x64.ActiveCfg = Debug|Any CPU
		{2249BAB0-0B95-443C-8C25-F049801AD061}.Debug|x64.Build.0 = Debug|Any CPU
		{2249BAB0-0B95-443C-8C25-F049801AD061}.Debug|x86.ActiveCfg = Debug|Any CPU
		{2249BAB0-0B95-443C-8C25-F049801AD061}.Debug|x86.Build.0 = Debug|Any CPU
		{2249BAB0-0B95-443C-8C25-F049801AD061}.Release|Any CPU.ActiveCfg = Release|Any CPU
		{2249BAB0-0B95-443C-8C25-F049801AD061}.Release|Any CPU.Build.0 = Release|Any CPU
		{2249BAB0-0B95-443C-8C25-F049801AD061}.Release|x64.ActiveCfg = Release|Any CPU
		{2249BAB0-0B95-443C-8C25-F049801AD061}.Release|x64.Build.0 = Release|Any CPU
		{2249BAB0-0B95-443C-8C25-F049801AD061}.Release|x86.ActiveCfg = Release|Any CPU
		{2249BAB0-0B95-443C-8C25-F049801AD061}.Release|x86.Build.0 = Release|Any CPU
		{7A5C9644-F121-4999-AD24-5DBE44F67641}.Debug|Any CPU.ActiveCfg = Debug|Any CPU
		{7A5C9644-F121-4999-AD24-5DBE44F67641}.Debug|Any CPU.Build.0 = Debug|Any CPU
		{7A5C9644-F121-4999-AD24-5DBE44F67641}.Debug|x64.ActiveCfg = Debug|Any CPU
		{7A5C9644-F121-4999-AD24-5DBE44F67641}.Debug|x64.Build.0 = Debug|Any CPU
		{7A5C9644-F121-4999-AD24-5DBE44F67641}.Debug|x86.ActiveCfg = Debug|Any CPU
		{7A5C9644-F121-4999-AD24-5DBE44F67641}.Debug|x86.Build.0 = Debug|Any CPU
		{7A5C9644-F121-4999-AD24-5DBE44F67641}.Release|Any CPU.ActiveCfg = Release|Any CPU
		{7A5C9644-F121-4999-AD24-5DBE44F67641}.Release|Any CPU.Build.0 = Release|Any CPU
		{7A5C9644-F121-4999-AD24-5DBE44F67641}.Release|x64.ActiveCfg = Release|Any CPU
		{7A5C9644-F121-4999-AD24-5DBE44F67641}.Release|x64.Build.0 = Release|Any CPU
		{7A5C9644-F121-4999-AD24-5DBE44F67641}.Release|x86.ActiveCfg = Release|Any CPU
		{7A5C9644-F121-4999-AD24-5DBE44F67641}.Release|x86.Build.0 = Release|Any CPU
	EndGlobalSection
	GlobalSection(SolutionProperties) = preSolution
		HideSolutionNode = FALSE
	EndGlobalSection
	GlobalSection(ExtensibilityGlobals) = postSolution
		SolutionGuid = {A35D64AC-8423-4BE9-ABB4-FA57F4A93F73}
	EndGlobalSection
EndGlobal
